{
  "lib/kettle/drift.rb:1970211126": [
    [3, 1, 13, "Lint/RedundantRequireStatement: Remove unnecessary `require` statement.", 2962219690],
    [121, 39, 1, "Style/TrailingCommaInArguments: Avoid comma after the last parameter of a method call.", 177545],
    [144, 46, 1, "Style/TrailingCommaInArguments: Avoid comma after the last parameter of a method call.", 177545]
  ],
  "lib/kettle/drift/cli.rb:1819258122": [
    [4, 1, 13, "Lint/RedundantRequireStatement: Remove unnecessary `require` statement.", 2962219690],
    [20, 37, 1, "Style/TrailingCommaInArguments: Avoid comma after the last parameter of a method call.", 177545],
    [40, 32, 1, "Style/TrailingCommaInHashLiteral: Avoid comma after the last item of a hash.", 177545]
  ],
  "lib/kettle/drift/diff.rb:145750945": [
    [20, 44, 1, "Style/TrailingCommaInHashLiteral: Avoid comma after the last item of a hash.", 177545]
  ],
  "lib/kettle/drift/duplicate_line_validator.rb:1851807861": [
    [5, 1, 13, "Lint/RedundantRequireStatement: Remove unnecessary `require` statement.", 2962219690],
    [52, 23, 1, "Style/TrailingCommaInArrayLiteral: Avoid comma after the last item of an array.", 177545],
    [85, 33, 1, "Style/TrailingCommaInHashLiteral: Avoid comma after the last item of a hash.", 177545],
    [143, 29, 1, "Style/TrailingCommaInArguments: Avoid comma after the last parameter of a method call.", 177545],
    [150, 17, 64, "Style/HashExcept: Use `except(*baseline_set)` instead.", 182473909],
    [220, 7, 20, "Style/RescueStandardError: Omit the error class when rescuing `StandardError` by itself.", 3081355729]
  ],
  "lib/kettle/drift/process/calculate_diff.rb:2507871162": [
    [37, 43, 1, "Style/TrailingCommaInArguments: Avoid comma after the last parameter of a method call.", 177545],
    [49, 45, 1, "Style/TrailingCommaInHashLiteral: Avoid comma after the last item of a hash.", 177545]
  ],
  "lib/kettle/drift/rakelib/drift.rake:3722671795": [
    [34, 19, 1, "Style/TrailingCommaInArguments: Avoid comma after the last parameter of a method call.", 177545]
  ],
  "lib/kettle/drift/serializer.rb:3469578952": [
    [53, 58, 1, "Style/TrailingCommaInHashLiteral: Avoid comma after the last item of a hash.", 177545],
    [69, 54, 1, "Style/TrailingCommaInHashLiteral: Avoid comma after the last item of a hash.", 177545]
  ],
  "spec/kettle/drift/cli_spec.rb:1651302154": [
    [24, 12, 1, "Style/TrailingCommaInArguments: Avoid comma after the last parameter of a method call.", 177545],
    [54, 40, 1, "Style/TrailingCommaInArguments: Avoid comma after the last parameter of a method call.", 177545],
    [88, 18, 1, "Style/TrailingCommaInArguments: Avoid comma after the last parameter of a method call.", 177545],
    [109, 12, 1, "Style/TrailingCommaInArguments: Avoid comma after the last parameter of a method call.", 177545],
    [129, 19, 1, "Style/TrailingCommaInArguments: Avoid comma after the last parameter of a method call.", 177545],
    [163, 25, 1, "Style/TrailingCommaInArguments: Avoid comma after the last parameter of a method call.", 177545]
  ],
  "spec/kettle/drift/duplicate_line_validator_spec.rb:2418964272": [
    [108, 91, 1, "Style/TrailingCommaInArguments: Avoid comma after the last parameter of a method call.", 177545],
    [154, 39, 1, "Style/TrailingCommaInHashLiteral: Avoid comma after the last item of a hash.", 177545],
    [155, 12, 1, "Style/TrailingCommaInArguments: Avoid comma after the last parameter of a method call.", 177545],
    [168, 62, 1, "Style/TrailingCommaInHashLiteral: Avoid comma after the last item of a hash.", 177545],
    [179, 93, 1, "Style/TrailingCommaInArrayLiteral: Avoid comma after the last item of an array.", 177545],
    [180, 10, 1, "Style/TrailingCommaInArguments: Avoid comma after the last parameter of a method call.", 177545],
    [202, 33, 1, "Style/TrailingCommaInArguments: Avoid comma after the last parameter of a method call.", 177545],
    [214, 97, 1, "Style/TrailingCommaInArrayLiteral: Avoid comma after the last item of an array.", 177545],
    [215, 12, 1, "Style/TrailingCommaInHashLiteral: Avoid comma after the last item of a hash.", 177545],
    [216, 10, 1, "Style/TrailingCommaInArguments: Avoid comma after the last parameter of a method call.", 177545],
    [245, 75, 1, "Style/TrailingCommaInHashLiteral: Avoid comma after the last item of a hash.", 177545],
    [250, 60, 1, "Style/TrailingCommaInArguments: Avoid comma after the last parameter of a method call.", 177545]
  ],
  "spec/kettle/drift/lock_file_spec.rb:4004834629": [
    [15, 65, 1, "Style/TrailingCommaInArrayLiteral: Avoid comma after the last item of an array.", 177545],
    [16, 12, 1, "Style/TrailingCommaInHashLiteral: Avoid comma after the last item of a hash.", 177545],
    [18, 26, 1, "Style/TrailingCommaInArguments: Avoid comma after the last parameter of a method call.", 177545],
    [23, 47, 1, "Style/TrailingCommaInArrayLiteral: Avoid comma after the last item of an array.", 177545],
    [24, 10, 1, "Style/TrailingCommaInArguments: Avoid comma after the last parameter of a method call.", 177545]
  ],
  "spec/kettle/drift/process_spec.rb:2796400789": [
    [20, 76, 1, "Style/TrailingCommaInArguments: Avoid comma after the last parameter of a method call.", 177545],
    [32, 63, 1, "Style/TrailingCommaInArguments: Avoid comma after the last parameter of a method call.", 177545],
    [38, 76, 1, "Style/TrailingCommaInArguments: Avoid comma after the last parameter of a method call.", 177545],
    [49, 63, 1, "Style/TrailingCommaInArguments: Avoid comma after the last parameter of a method call.", 177545],
    [59, 49, 1, "Style/TrailingCommaInArrayLiteral: Avoid comma after the last item of an array.", 177545],
    [60, 12, 1, "Style/TrailingCommaInArguments: Avoid comma after the last parameter of a method call.", 177545],
    [61, 10, 1, "Style/TrailingCommaInArguments: Avoid comma after the last parameter of a method call.", 177545],
    [75, 67, 1, "Style/TrailingCommaInHashLiteral: Avoid comma after the last item of a hash.", 177545],
    [76, 10, 1, "Style/TrailingCommaInArguments: Avoid comma after the last parameter of a method call.", 177545],
    [86, 49, 1, "Style/TrailingCommaInArrayLiteral: Avoid comma after the last item of an array.", 177545],
    [87, 12, 1, "Style/TrailingCommaInArguments: Avoid comma after the last parameter of a method call.", 177545],
    [88, 10, 1, "Style/TrailingCommaInArguments: Avoid comma after the last parameter of a method call.", 177545],
    [103, 64, 1, "Style/TrailingCommaInHashLiteral: Avoid comma after the last item of a hash.", 177545],
    [104, 10, 1, "Style/TrailingCommaInArguments: Avoid comma after the last parameter of a method call.", 177545],
    [110, 76, 1, "Style/TrailingCommaInArguments: Avoid comma after the last parameter of a method call.", 177545],
    [122, 63, 1, "Style/TrailingCommaInArguments: Avoid comma after the last parameter of a method call.", 177545],
    [128, 20, 1, "Style/TrailingCommaInArguments: Avoid comma after the last parameter of a method call.", 177545],
    [140, 63, 1, "Style/TrailingCommaInArguments: Avoid comma after the last parameter of a method call.", 177545],
    [151, 49, 1, "Style/TrailingCommaInArrayLiteral: Avoid comma after the last item of an array.", 177545],
    [152, 12, 1, "Style/TrailingCommaInArguments: Avoid comma after the last parameter of a method call.", 177545],
    [153, 10, 1, "Style/TrailingCommaInArguments: Avoid comma after the last parameter of a method call.", 177545],
    [165, 63, 1, "Style/TrailingCommaInArguments: Avoid comma after the last parameter of a method call.", 177545],
    [176, 49, 1, "Style/TrailingCommaInArrayLiteral: Avoid comma after the last item of an array.", 177545],
    [177, 12, 1, "Style/TrailingCommaInArguments: Avoid comma after the last parameter of a method call.", 177545],
    [178, 10, 1, "Style/TrailingCommaInArguments: Avoid comma after the last parameter of a method call.", 177545],
    [192, 67, 1, "Style/TrailingCommaInHashLiteral: Avoid comma after the last item of a hash.", 177545],
    [193, 10, 1, "Style/TrailingCommaInArguments: Avoid comma after the last parameter of a method call.", 177545],
    [204, 49, 1, "Style/TrailingCommaInArrayLiteral: Avoid comma after the last item of an array.", 177545],
    [205, 12, 1, "Style/TrailingCommaInArguments: Avoid comma after the last parameter of a method call.", 177545],
    [206, 10, 1, "Style/TrailingCommaInArguments: Avoid comma after the last parameter of a method call.", 177545]
  ],
  "spec/kettle/drift/serializer_spec.rb:296398625": [
    [13, 62, 1, "Style/TrailingCommaInArrayLiteral: Avoid comma after the last item of an array.", 177545],
    [17, 62, 1, "Style/TrailingCommaInArrayLiteral: Avoid comma after the last item of an array.", 177545],
    [18, 12, 1, "Style/TrailingCommaInHashLiteral: Avoid comma after the last item of a hash.", 177545],
    [20, 40, 1, "Style/TrailingCommaInArguments: Avoid comma after the last parameter of a method call.", 177545],
    [41, 44, 1, "Style/TrailingCommaInArrayLiteral: Avoid comma after the last item of an array.", 177545],
    [42, 10, 1, "Style/TrailingCommaInArguments: Avoid comma after the last parameter of a method call.", 177545]
  ],
  "spec/kettle/drift_spec.rb:3390925861": [
    [227, 36, 6, "RSpec/Extra/BeEmpty: Use `be_empty` matchers for checking an empty array.", 1172408214]
  ]
}
